
Microsoft Visual Studio Solution File, Format Version 12.00
Project("{2150E333-8FDC-42A3-9474-1A3956D46DE8}") = "src", "src", "{13B26F95-34F1-40A4-AAD4-6A2FE8CB6952}"
EndProject
Project("{2150E333-8FDC-42A3-9474-1A3956D46DE8}") = "tests", "tests", "{ADED137E-4870-4D15-ADA6-F625F6CB5A24}"
EndProject
Project("{FAE04EC0-301F-11D3-BF4B-00C04F79EFBC}") = "API", "src\API\API.csproj", "{6DB45192-45DD-4355-AF53-BCD1EBE31FC0}"
EndProject
Project("{FAE04EC0-301F-11D3-BF4B-00C04F79EFBC}") = "Domain", "src\Domain\Domain.csproj", "{2A4B959F-F8B4-4D2E-8905-5DCDDCA2BFE5}"
EndProject
Project("{FAE04EC0-301F-11D3-BF4B-00C04F79EFBC}") = "Infrastructure", "src\Infrastructure\Infrastructure.csproj", "{5542A7AB-D187-4341-94FA-46759BE67164}"
EndProject
Project("{FAE04EC0-301F-11D3-BF4B-00C04F79EFBC}") = "Application", "src\Application\Application.csproj", "{879D6337-2F7D-470C-A324-0A7F8484D25D}"
EndProject
Project("{FAE04EC0-301F-11D3-BF4B-00C04F79EFBC}") = "Application.UnitTests", "tests\Application.UnitTests\Application.UnitTests.csproj", "{05EF2A28-138A-464C-96E5-D9D8356D343C}"
EndProject
Global
	GlobalSection(SolutionConfigurationPlatforms) = preSolution
		Debug|Any CPU = Debug|Any CPU
		Debug|x64 = Debug|x64
		Debug|x86 = Debug|x86
		Release|Any CPU = Release|Any CPU
		Release|x64 = Release|x64
		Release|x86 = Release|x86
	EndGlobalSection
	GlobalSection(ProjectConfigurationPlatforms) = postSolution
		{6DB45192-45DD-4355-AF53-BCD1EBE31FC0}.Debug|Any CPU.ActiveCfg = Debug|Any CPU
		{6DB45192-45DD-4355-AF53-BCD1EBE31FC0}.Debug|Any CPU.Build.0 = Debug|Any CPU
		{6DB45192-45DD-4355-AF53-BCD1EBE31FC0}.Debug|x64.ActiveCfg = Debug|Any CPU
		{6DB45192-45DD-4355-AF53-BCD1EBE31FC0}.Debug|x64.Build.0 = Debug|Any CPU
		{6DB45192-45DD-4355-AF53-BCD1EBE31FC0}.Debug|x86.ActiveCfg = Debug|Any CPU
		{6DB45192-45DD-4355-AF53-BCD1EBE31FC0}.Debug|x86.Build.0 = Debug|Any CPU
		{6DB45192-45DD-4355-AF53-BCD1EBE31FC0}.Release|Any CPU.ActiveCfg = Release|Any CPU
		{6DB45192-45DD-4355-AF53-BCD1EBE31FC0}.Release|Any CPU.Build.0 = Release|Any CPU
		{6DB45192-45DD-4355-AF53-BCD1EBE31FC0}.Release|x64.ActiveCfg = Release|Any CPU
		{6DB45192-45DD-4355-AF53-BCD1EBE31FC0}.Release|x64.Build.0 = Release|Any CPU
		{6DB45192-45DD-4355-AF53-BCD1EBE31FC0}.Release|x86.ActiveCfg = Release|Any CPU
		{6DB45192-45DD-4355-AF53-BCD1EBE31FC0}.Release|x86.Build.0 = Release|Any CPU
		{2A4B959F-F8B4-4D2E-8905-5DCDDCA2BFE5}.Debug|Any CPU.ActiveCfg = Debug|Any CPU
		{2A4B959F-F8B4-4D2E-8905-5DCDDCA2BFE5}.Debug|Any CPU.Build.0 = Debug|Any CPU
		{2A4B959F-F8B4-4D2E-8905-5DCDDCA2BFE5}.Debug|x64.ActiveCfg = Debug|Any CPU
		{2A4B959F-F8B4-4D2E-8905-5DCDDCA2BFE5}.Debug|x64.Build.0 = Debug|Any CPU
		{2A4B959F-F8B4-4D2E-8905-5DCDDCA2BFE5}.Debug|x86.ActiveCfg = Debug|Any CPU
		{2A4B959F-F8B4-4D2E-8905-5DCDDCA2BFE5}.Debug|x86.Build.0 = Debug|Any CPU
		{2A4B959F-F8B4-4D2E-8905-5DCDDCA2BFE5}.Release|Any CPU.ActiveCfg = Release|Any CPU
		{2A4B959F-F8B4-4D2E-8905-5DCDDCA2BFE5}.Release|Any CPU.Build.0 = Release|Any CPU
		{2A4B959F-F8B4-4D2E-8905-5DCDDCA2BFE5}.Release|x64.ActiveCfg = Release|Any CPU
		{2A4B959F-F8B4-4D2E-8905-5DCDDCA2BFE5}.Release|x64.Build.0 = Release|Any CPU
		{2A4B959F-F8B4-4D2E-8905-5DCDDCA2BFE5}.Release|x86.ActiveCfg = Release|Any CPU
		{2A4B959F-F8B4-4D2E-8905-5DCDDCA2BFE5}.Release|x86.Build.0 = Release|Any CPU
		{5542A7AB-D187-4341-94FA-46759BE67164}.Debug|Any CPU.ActiveCfg = Debug|Any CPU
		{5542A7AB-D187-4341-94FA-46759BE67164}.Debug|Any CPU.Build.0 = Debug|Any CPU
		{5542A7AB-D187-4341-94FA-46759BE67164}.Debug|x64.ActiveCfg = Debug|Any CPU
		{5542A7AB-D187-4341-94FA-46759BE67164}.Debug|x64.Build.0 = Debug|Any CPU
		{5542A7AB-D187-4341-94FA-46759BE67164}.Debug|x86.ActiveCfg = Debug|Any CPU
		{5542A7AB-D187-4341-94FA-46759BE67164}.Debug|x86.Build.0 = Debug|Any CPU
		{5542A7AB-D187-4341-94FA-46759BE67164}.Release|Any CPU.ActiveCfg = Release|Any CPU
		{5542A7AB-D187-4341-94FA-46759BE67164}.Release|Any CPU.Build.0 = Release|Any CPU
		{5542A7AB-D187-4341-94FA-46759BE67164}.Release|x64.ActiveCfg = Release|Any CPU
		{5542A7AB-D187-4341-94FA-46759BE67164}.Release|x64.Build.0 = Release|Any CPU
		{5542A7AB-D187-4341-94FA-46759BE67164}.Release|x86.ActiveCfg = Release|Any CPU
		{5542A7AB-D187-4341-94FA-46759BE67164}.Release|x86.Build.0 = Release|Any CPU
		{879D6337-2F7D-470C-A324-0A7F8484D25D}.Debug|Any CPU.ActiveCfg = Debug|Any CPU
		{879D6337-2F7D-470C-A324-0A7F8484D25D}.Debug|Any CPU.Build.0 = Debug|Any CPU
		{879D6337-2F7D-470C-A324-0A7F8484D25D}.Debug|x64.ActiveCfg = Debug|Any CPU
		{879D6337-2F7D-470C-A324-0A7F8484D25D}.Debug|x64.Build.0 = Debug|Any CPU
		{879D6337-2F7D-470C-A324-0A7F8484D25D}.Debug|x86.ActiveCfg = Debug|Any CPU
		{879D6337-2F7D-470C-A324-0A7F8484D25D}.Debug|x86.Build.0 = Debug|Any CPU
		{879D6337-2F7D-470C-A324-0A7F8484D25D}.Release|Any CPU.ActiveCfg = Release|Any CPU
		{879D6337-2F7D-470C-A324-0A7F8484D25D}.Release|Any CPU.Build.0 = Release|Any CPU
		{879D6337-2F7D-470C-A324-0A7F8484D25D}.Release|x64.ActiveCfg = Release|Any CPU
		{879D6337-2F7D-470C-A324-0A7F8484D25D}.Release|x64.Build.0 = Release|Any CPU
		{879D6337-2F7D-470C-A324-0A7F8484D25D}.Release|x86.ActiveCfg = Release|Any CPU
		{879D6337-2F7D-470C-A324-0A7F8484D25D}.Release|x86.Build.0 = Release|Any CPU
		{05EF2A28-138A-464C-96E5-D9D8356D343C}.Debug|Any CPU.ActiveCfg = Debug|Any CPU
		{05EF2A28-138A-464C-96E5-D9D8356D343C}.Debug|Any CPU.Build.0 = Debug|Any CPU
		{05EF2A28-138A-464C-96E5-D9D8356D343C}.Debug|x64.ActiveCfg = Debug|Any CPU
		{05EF2A28-138A-464C-96E5-D9D8356D343C}.Debug|x64.Build.0 = Debug|Any CPU
		{05EF2A28-138A-464C-96E5-D9D8356D343C}.Debug|x86.ActiveCfg = Debug|Any CPU
		{05EF2A28-138A-464C-96E5-D9D8356D343C}.Debug|x86.Build.0 = Debug|Any CPU
		{05EF2A28-138A-464C-96E5-D9D8356D343C}.Release|Any CPU.ActiveCfg = Release|Any CPU
		{05EF2A28-138A-464C-96E5-D9D8356D343C}.Release|Any CPU.Build.0 = Release|Any CPU
		{05EF2A28-138A-464C-96E5-D9D8356D343C}.Release|x64.ActiveCfg = Release|Any CPU
		{05EF2A28-138A-464C-96E5-D9D8356D343C}.Release|x64.Build.0 = Release|Any CPU
		{05EF2A28-138A-464C-96E5-D9D8356D343C}.Release|x86.ActiveCfg = Release|Any CPU
		{05EF2A28-138A-464C-96E5-D9D8356D343C}.Release|x86.Build.0 = Release|Any CPU
	EndGlobalSection
	GlobalSection(SolutionProperties) = preSolution
		HideSolutionNode = FALSE
	EndGlobalSection
	GlobalSection(NestedProjects) = preSolution
		{6DB45192-45DD-4355-AF53-BCD1EBE31FC0} = {13B26F95-34F1-40A4-AAD4-6A2FE8CB6952}
		{2A4B959F-F8B4-4D2E-8905-5DCDDCA2BFE5} = {13B26F95-34F1-40A4-AAD4-6A2FE8CB6952}
		{5542A7AB-D187-4341-94FA-46759BE67164} = {13B26F95-34F1-40A4-AAD4-6A2FE8CB6952}
		{879D6337-2F7D-470C-A324-0A7F8484D25D} = {13B26F95-34F1-40A4-AAD4-6A2FE8CB6952}
		{05EF2A28-138A-464C-96E5-D9D8356D343C} = {ADED137E-4870-4D15-ADA6-F625F6CB5A24}
	EndGlobalSection
EndGlobal
